
Microsoft Visual Studio Solution File, Format Version 12.00
# Visual Studio Version 17
VisualStudioVersion = 17.8.34322.80
MinimumVisualStudioVersion = 10.0.40219.1
Project("{9A19103F-16F7-4668-BE54-9A1E7A4F7556}") = "Nhom3.DoAnKTHP.EventMgt", "Nhom3.DoAnKTHP.EventMgt\Nhom3.DoAnKTHP.EventMgt.csproj", "{5012B758-CAA2-4CCE-8151-25447AD25355}"
EndProject
Project("{9A19103F-16F7-4668-BE54-9A1E7A4F7556}") = "Nhom3.DoAnKTHP.DAL", "Nhom3.DoAnKTHP.DAL\Nhom3.DoAnKTHP.DAL.csproj", "{CE4193DF-1218-4BEC-9CC0-0DBCD0811209}"
EndProject
Project("{FAE04EC0-301F-11D3-BF4B-00C04F79EFBC}") = "Nhom3.DoAnKTHP.BLL", "Nhom3.DoAnKTHP.BLL\Nhom3.DoAnKTHP.BLL.csproj", "{A11BDF03-FC74-4FFA-9CC0-DA3C176D43CB}"
EndProject
Global
	GlobalSection(SolutionConfigurationPlatforms) = preSolution
		Debug|Any CPU = Debug|Any CPU
		Release|Any CPU = Release|Any CPU
	EndGlobalSection
	GlobalSection(ProjectConfigurationPlatforms) = postSolution
		{5012B758-CAA2-4CCE-8151-25447AD25355}.Debug|Any CPU.ActiveCfg = Debug|Any CPU
		{5012B758-CAA2-4CCE-8151-25447AD25355}.Debug|Any CPU.Build.0 = Debug|Any CPU
		{5012B758-CAA2-4CCE-8151-25447AD25355}.Release|Any CPU.ActiveCfg = Release|Any CPU
		{5012B758-CAA2-4CCE-8151-25447AD25355}.Release|Any CPU.Build.0 = Release|Any CPU
		{CE4193DF-1218-4BEC-9CC0-0DBCD0811209}.Debug|Any CPU.ActiveCfg = Debug|Any CPU
		{CE4193DF-1218-4BEC-9CC0-0DBCD0811209}.Debug|Any CPU.Build.0 = Debug|Any CPU
		{CE4193DF-1218-4BEC-9CC0-0DBCD0811209}.Release|Any CPU.ActiveCfg = Release|Any CPU
		{CE4193DF-1218-4BEC-9CC0-0DBCD0811209}.Release|Any CPU.Build.0 = Release|Any CPU
		{A11BDF03-FC74-4FFA-9CC0-DA3C176D43CB}.Debug|Any CPU.ActiveCfg = Debug|Any CPU
		{A11BDF03-FC74-4FFA-9CC0-DA3C176D43CB}.Debug|Any CPU.Build.0 = Debug|Any CPU
		{A11BDF03-FC74-4FFA-9CC0-DA3C176D43CB}.Release|Any CPU.ActiveCfg = Release|Any CPU
		{A11BDF03-FC74-4FFA-9CC0-DA3C176D43CB}.Release|Any CPU.Build.0 = Release|Any CPU
	EndGlobalSection
	GlobalSection(SolutionProperties) = preSolution
		HideSolutionNode = FALSE
	EndGlobalSection
	GlobalSection(ExtensibilityGlobals) = postSolution
		SolutionGuid = {C4CD9783-7B26-4056-8282-1D1FB9C6E546}
	EndGlobalSection
EndGlobal
